// !$*UTF8*$!
{
	archiveVersion = 1;
	classes = {
	};
	objectVersion = 51;
	objects = {

/* Begin PBXBuildFile section */
		10BECBE7A34BE4BE8FFE32AB /* Pods_AppStore.framework in Frameworks */ = {isa = PBXBuildFile; fileRef = 0D5475A673BCE7E76B71701E /* Pods_AppStore.framework */; };
		ED3E9A642529D6F600DA051E /* AppsPageHeader.swift in Sources */ = {isa = PBXBuildFile; fileRef = ED3E9A632529D6F600DA051E /* AppsPageHeader.swift */; };
		ED3E9A672529D9A300DA051E /* AppsHeaderHorizontalController.swift in Sources */ = {isa = PBXBuildFile; fileRef = ED3E9A662529D9A300DA051E /* AppsHeaderHorizontalController.swift */; };
		ED3E9A6B252ADBA700DA051E /* AppsHeaderCell.swift in Sources */ = {isa = PBXBuildFile; fileRef = ED3E9A6A252ADBA700DA051E /* AppsHeaderCell.swift */; };
		ED3E9A6E252B0BC000DA051E /* AppGroup.swift in Sources */ = {isa = PBXBuildFile; fileRef = ED3E9A6D252B0BC000DA051E /* AppGroup.swift */; };
		ED412F3C2527666000D26449 /* AppsPageController.swift in Sources */ = {isa = PBXBuildFile; fileRef = ED412F3B2527666000D26449 /* AppsPageController.swift */; };
		ED412F3F2527A85C00D26449 /* BaseListController.swift in Sources */ = {isa = PBXBuildFile; fileRef = ED412F3E2527A85C00D26449 /* BaseListController.swift */; };
		ED412F452527B2BC00D26449 /* AppsGroupCell.swift in Sources */ = {isa = PBXBuildFile; fileRef = ED412F442527B2BC00D26449 /* AppsGroupCell.swift */; };
		ED412F492528F0D700D26449 /* AppsHorizontalController.swift in Sources */ = {isa = PBXBuildFile; fileRef = ED412F482528F0D700D26449 /* AppsHorizontalController.swift */; };
		ED412F4C25299A9800D26449 /* AppsRowCell.swift in Sources */ = {isa = PBXBuildFile; fileRef = ED412F4B25299A9800D26449 /* AppsRowCell.swift */; };
		ED412F4F25299C8C00D26449 /* Extensions.swift in Sources */ = {isa = PBXBuildFile; fileRef = ED412F4E25299C8C00D26449 /* Extensions.swift */; };
		ED7D0712251C83EF000F72C1 /* AppDelegate.swift in Sources */ = {isa = PBXBuildFile; fileRef = ED7D0711251C83EF000F72C1 /* AppDelegate.swift */; };
		ED7D0714251C83EF000F72C1 /* SceneDelegate.swift in Sources */ = {isa = PBXBuildFile; fileRef = ED7D0713251C83EF000F72C1 /* SceneDelegate.swift */; };
		ED7D0716251C83EF000F72C1 /* ViewController.swift in Sources */ = {isa = PBXBuildFile; fileRef = ED7D0715251C83EF000F72C1 /* ViewController.swift */; };
		ED7D0719251C83EF000F72C1 /* Main.storyboard in Resources */ = {isa = PBXBuildFile; fileRef = ED7D0717251C83EF000F72C1 /* Main.storyboard */; };
		ED7D071B251C83F3000F72C1 /* Assets.xcassets in Resources */ = {isa = PBXBuildFile; fileRef = ED7D071A251C83F3000F72C1 /* Assets.xcassets */; };
		ED7D071E251C83F3000F72C1 /* LaunchScreen.storyboard in Resources */ = {isa = PBXBuildFile; fileRef = ED7D071C251C83F3000F72C1 /* LaunchScreen.storyboard */; };
		ED7D072C251C84A7000F72C1 /* BaseTabBarController.swift in Sources */ = {isa = PBXBuildFile; fileRef = ED7D072B251C84A7000F72C1 /* BaseTabBarController.swift */; };
		ED7D0735251D2393000F72C1 /* AppsSearchController.swift in Sources */ = {isa = PBXBuildFile; fileRef = ED7D0734251D2393000F72C1 /* AppsSearchController.swift */; };
		ED8BD258251E0149003AB0BA /* SearchResultCell.swift in Sources */ = {isa = PBXBuildFile; fileRef = ED8BD257251E0149003AB0BA /* SearchResultCell.swift */; };
		ED8BD25C251F711E003AB0BA /* UIView+Layout.swift in Sources */ = {isa = PBXBuildFile; fileRef = ED8BD25B251F711E003AB0BA /* UIView+Layout.swift */; };
		ED9102C0252F551800D23B92 /* SocialApp.swift in Sources */ = {isa = PBXBuildFile; fileRef = ED9102BF252F551800D23B92 /* SocialApp.swift */; };
		ED9102C32536DBB200D23B92 /* HorizontalSnappingController.swift in Sources */ = {isa = PBXBuildFile; fileRef = ED9102C22536DBB200D23B92 /* HorizontalSnappingController.swift */; };
		ED9102CF25379B2400D23B92 /* BetterSnappingLayout.swift in Sources */ = {isa = PBXBuildFile; fileRef = ED9102CE25379B2400D23B92 /* BetterSnappingLayout.swift */; };
		ED9102D32538289500D23B92 /* AppDetailController.swift in Sources */ = {isa = PBXBuildFile; fileRef = ED9102D22538289500D23B92 /* AppDetailController.swift */; };
		EDA31360252342B000B5B6EF /* Service.swift in Sources */ = {isa = PBXBuildFile; fileRef = EDA3135F252342B000B5B6EF /* Service.swift */; };
		EDE62495251FBB0200D43772 /* VerticalStackView.swift in Sources */ = {isa = PBXBuildFile; fileRef = EDE62494251FBB0200D43772 /* VerticalStackView.swift */; };
		EDE624992521FFFE00D43772 /* SearchResult.swift in Sources */ = {isa = PBXBuildFile; fileRef = EDE624982521FFFE00D43772 /* SearchResult.swift */; };
/* End PBXBuildFile section */

/* Begin PBXFileReference section */
		0D5475A673BCE7E76B71701E /* Pods_AppStore.framework */ = {isa = PBXFileReference; explicitFileType = wrapper.framework; includeInIndex = 0; path = Pods_AppStore.framework; sourceTree = BUILT_PRODUCTS_DIR; };
		36986F9550CD15874FEF16F5 /* Pods-AppStore.debug.xcconfig */ = {isa = PBXFileReference; includeInIndex = 1; lastKnownFileType = text.xcconfig; name = "Pods-AppStore.debug.xcconfig"; path = "Target Support Files/Pods-AppStore/Pods-AppStore.debug.xcconfig"; sourceTree = "<group>"; };
		933CF31D3EA7AAAFB2B4418D /* Pods-AppStore.release.xcconfig */ = {isa = PBXFileReference; includeInIndex = 1; lastKnownFileType = text.xcconfig; name = "Pods-AppStore.release.xcconfig"; path = "Target Support Files/Pods-AppStore/Pods-AppStore.release.xcconfig"; sourceTree = "<group>"; };
		ED3E9A632529D6F600DA051E /* AppsPageHeader.swift */ = {isa = PBXFileReference; lastKnownFileType = sourcecode.swift; path = AppsPageHeader.swift; sourceTree = "<group>"; };
		ED3E9A662529D9A300DA051E /* AppsHeaderHorizontalController.swift */ = {isa = PBXFileReference; lastKnownFileType = sourcecode.swift; path = AppsHeaderHorizontalController.swift; sourceTree = "<group>"; };
		ED3E9A6A252ADBA700DA051E /* AppsHeaderCell.swift */ = {isa = PBXFileReference; lastKnownFileType = sourcecode.swift; path = AppsHeaderCell.swift; sourceTree = "<group>"; };
		ED3E9A6D252B0BC000DA051E /* AppGroup.swift */ = {isa = PBXFileReference; lastKnownFileType = sourcecode.swift; path = AppGroup.swift; sourceTree = "<group>"; };
		ED412F3B2527666000D26449 /* AppsPageController.swift */ = {isa = PBXFileReference; lastKnownFileType = sourcecode.swift; path = AppsPageController.swift; sourceTree = "<group>"; };
		ED412F3E2527A85C00D26449 /* BaseListController.swift */ = {isa = PBXFileReference; lastKnownFileType = sourcecode.swift; path = BaseListController.swift; sourceTree = "<group>"; };
		ED412F442527B2BC00D26449 /* AppsGroupCell.swift */ = {isa = PBXFileReference; lastKnownFileType = sourcecode.swift; path = AppsGroupCell.swift; sourceTree = "<group>"; };
		ED412F482528F0D700D26449 /* AppsHorizontalController.swift */ = {isa = PBXFileReference; lastKnownFileType = sourcecode.swift; path = AppsHorizontalController.swift; sourceTree = "<group>"; };
		ED412F4B25299A9800D26449 /* AppsRowCell.swift */ = {isa = PBXFileReference; lastKnownFileType = sourcecode.swift; path = AppsRowCell.swift; sourceTree = "<group>"; };
		ED412F4E25299C8C00D26449 /* Extensions.swift */ = {isa = PBXFileReference; lastKnownFileType = sourcecode.swift; path = Extensions.swift; sourceTree = "<group>"; };
		ED7D070E251C83EF000F72C1 /* AppStore.app */ = {isa = PBXFileReference; explicitFileType = wrapper.application; includeInIndex = 0; path = AppStore.app; sourceTree = BUILT_PRODUCTS_DIR; };
		ED7D0711251C83EF000F72C1 /* AppDelegate.swift */ = {isa = PBXFileReference; lastKnownFileType = sourcecode.swift; path = AppDelegate.swift; sourceTree = "<group>"; };
		ED7D0713251C83EF000F72C1 /* SceneDelegate.swift */ = {isa = PBXFileReference; lastKnownFileType = sourcecode.swift; path = SceneDelegate.swift; sourceTree = "<group>"; };
		ED7D0715251C83EF000F72C1 /* ViewController.swift */ = {isa = PBXFileReference; lastKnownFileType = sourcecode.swift; path = ViewController.swift; sourceTree = "<group>"; };
		ED7D0718251C83EF000F72C1 /* Base */ = {isa = PBXFileReference; lastKnownFileType = file.storyboard; name = Base; path = Base.lproj/Main.storyboard; sourceTree = "<group>"; };
		ED7D071A251C83F3000F72C1 /* Assets.xcassets */ = {isa = PBXFileReference; lastKnownFileType = folder.assetcatalog; path = Assets.xcassets; sourceTree = "<group>"; };
		ED7D071D251C83F3000F72C1 /* Base */ = {isa = PBXFileReference; lastKnownFileType = file.storyboard; name = Base; path = Base.lproj/LaunchScreen.storyboard; sourceTree = "<group>"; };
		ED7D071F251C83F3000F72C1 /* Info.plist */ = {isa = PBXFileReference; lastKnownFileType = text.plist.xml; path = Info.plist; sourceTree = "<group>"; };
		ED7D072B251C84A7000F72C1 /* BaseTabBarController.swift */ = {isa = PBXFileReference; lastKnownFileType = sourcecode.swift; path = BaseTabBarController.swift; sourceTree = "<group>"; };
		ED7D0734251D2393000F72C1 /* AppsSearchController.swift */ = {isa = PBXFileReference; lastKnownFileType = sourcecode.swift; path = AppsSearchController.swift; sourceTree = "<group>"; };
		ED8BD257251E0149003AB0BA /* SearchResultCell.swift */ = {isa = PBXFileReference; lastKnownFileType = sourcecode.swift; path = SearchResultCell.swift; sourceTree = "<group>"; };
		ED8BD25B251F711E003AB0BA /* UIView+Layout.swift */ = {isa = PBXFileReference; lastKnownFileType = sourcecode.swift; path = "UIView+Layout.swift"; sourceTree = "<group>"; };
		ED9102BF252F551800D23B92 /* SocialApp.swift */ = {isa = PBXFileReference; lastKnownFileType = sourcecode.swift; path = SocialApp.swift; sourceTree = "<group>"; };
		ED9102C22536DBB200D23B92 /* HorizontalSnappingController.swift */ = {isa = PBXFileReference; lastKnownFileType = sourcecode.swift; path = HorizontalSnappingController.swift; sourceTree = "<group>"; };
		ED9102CE25379B2400D23B92 /* BetterSnappingLayout.swift */ = {isa = PBXFileReference; lastKnownFileType = sourcecode.swift; path = BetterSnappingLayout.swift; sourceTree = "<group>"; };
		ED9102D22538289500D23B92 /* AppDetailController.swift */ = {isa = PBXFileReference; lastKnownFileType = sourcecode.swift; path = AppDetailController.swift; sourceTree = "<group>"; };
		EDA3135F252342B000B5B6EF /* Service.swift */ = {isa = PBXFileReference; lastKnownFileType = sourcecode.swift; path = Service.swift; sourceTree = "<group>"; };
		EDE62494251FBB0200D43772 /* VerticalStackView.swift */ = {isa = PBXFileReference; lastKnownFileType = sourcecode.swift; path = VerticalStackView.swift; sourceTree = "<group>"; };
		EDE624982521FFFE00D43772 /* SearchResult.swift */ = {isa = PBXFileReference; lastKnownFileType = sourcecode.swift; path = SearchResult.swift; sourceTree = "<group>"; };
/* End PBXFileReference section */

/* Begin PBXFrameworksBuildPhase section */
		ED7D070B251C83EF000F72C1 /* Frameworks */ = {
			isa = PBXFrameworksBuildPhase;
			buildActionMask = 2147483647;
			files = (
				10BECBE7A34BE4BE8FFE32AB /* Pods_AppStore.framework in Frameworks */,
			);
			runOnlyForDeploymentPostprocessing = 0;
		};
/* End PBXFrameworksBuildPhase section */

/* Begin PBXGroup section */
		37CBB02CEE6FAEBEC1A32472 /* Frameworks */ = {
			isa = PBXGroup;
			children = (
				0D5475A673BCE7E76B71701E /* Pods_AppStore.framework */,
			);
			name = Frameworks;
			sourceTree = "<group>";
		};
		61A4D156CE05BC63BF42AB2E /* Pods */ = {
			isa = PBXGroup;
			children = (
				36986F9550CD15874FEF16F5 /* Pods-AppStore.debug.xcconfig */,
				933CF31D3EA7AAAFB2B4418D /* Pods-AppStore.release.xcconfig */,
			);
			path = Pods;
			sourceTree = "<group>";
		};
		ED412F3A2527664700D26449 /* Apps */ = {
			isa = PBXGroup;
			children = (
				ED9102D12538286800D23B92 /* Details */,
				ED412F3B2527666000D26449 /* AppsPageController.swift */,
				ED412F482528F0D700D26449 /* AppsHorizontalController.swift */,
				ED3E9A662529D9A300DA051E /* AppsHeaderHorizontalController.swift */,
			);
			path = Apps;
			sourceTree = "<group>";
		};
		ED412F412527B07900D26449 /* Search */ = {
			isa = PBXGroup;
			children = (
				ED7D0734251D2393000F72C1 /* AppsSearchController.swift */,
			);
			path = Search;
			sourceTree = "<group>";
		};
		ED412F432527B2A800D26449 /* Apps */ = {
			isa = PBXGroup;
			children = (
				ED412F442527B2BC00D26449 /* AppsGroupCell.swift */,
				ED412F4B25299A9800D26449 /* AppsRowCell.swift */,
				ED3E9A632529D6F600DA051E /* AppsPageHeader.swift */,
				ED3E9A6A252ADBA700DA051E /* AppsHeaderCell.swift */,
			);
			path = Apps;
			sourceTree = "<group>";
		};
		ED7D0705251C83EF000F72C1 = {
			isa = PBXGroup;
			children = (
				ED7D0710251C83EF000F72C1 /* AppStore */,
				ED7D070F251C83EF000F72C1 /* Products */,
				61A4D156CE05BC63BF42AB2E /* Pods */,
				37CBB02CEE6FAEBEC1A32472 /* Frameworks */,
			);
			sourceTree = "<group>";
		};
		ED7D070F251C83EF000F72C1 /* Products */ = {
			isa = PBXGroup;
			children = (
				ED7D070E251C83EF000F72C1 /* AppStore.app */,
			);
			name = Products;
			sourceTree = "<group>";
		};
		ED7D0710251C83EF000F72C1 /* AppStore */ = {
			isa = PBXGroup;
			children = (
				EDA3135E2523429C00B5B6EF /* Service */,
				EDE624972521FFE200D43772 /* Model */,
				ED8BD25A251F6FF6003AB0BA /* Helpers */,
				ED8BD256251E011D003AB0BA /* Views */,
				ED7D072E251D1F58000F72C1 /* Controlles */,
				ED7D0711251C83EF000F72C1 /* AppDelegate.swift */,
				ED7D0713251C83EF000F72C1 /* SceneDelegate.swift */,
				ED7D0715251C83EF000F72C1 /* ViewController.swift */,
				ED7D0717251C83EF000F72C1 /* Main.storyboard */,
				ED7D071A251C83F3000F72C1 /* Assets.xcassets */,
				ED7D071C251C83F3000F72C1 /* LaunchScreen.storyboard */,
				ED7D071F251C83F3000F72C1 /* Info.plist */,
			);
			path = AppStore;
			sourceTree = "<group>";
		};
		ED7D072E251D1F58000F72C1 /* Controlles */ = {
			isa = PBXGroup;
			children = (
				ED412F412527B07900D26449 /* Search */,
				ED412F3A2527664700D26449 /* Apps */,
				ED7D072B251C84A7000F72C1 /* BaseTabBarController.swift */,
				ED412F3E2527A85C00D26449 /* BaseListController.swift */,
				ED9102C22536DBB200D23B92 /* HorizontalSnappingController.swift */,
			);
			path = Controlles;
			sourceTree = "<group>";
		};
		ED8BD256251E011D003AB0BA /* Views */ = {
			isa = PBXGroup;
			children = (
				ED412F432527B2A800D26449 /* Apps */,
				ED8BD257251E0149003AB0BA /* SearchResultCell.swift */,
			);
			path = Views;
			sourceTree = "<group>";
		};
		ED8BD25A251F6FF6003AB0BA /* Helpers */ = {
			isa = PBXGroup;
			children = (
				ED8BD25B251F711E003AB0BA /* UIView+Layout.swift */,
				EDE62494251FBB0200D43772 /* VerticalStackView.swift */,
				ED412F4E25299C8C00D26449 /* Extensions.swift */,
				ED9102CE25379B2400D23B92 /* BetterSnappingLayout.swift */,
			);
			path = Helpers;
			sourceTree = "<group>";
		};
		ED9102D12538286800D23B92 /* Details */ = {
			isa = PBXGroup;
			children = (
				ED9102D22538289500D23B92 /* AppDetailController.swift */,
			);
			path = Details;
			sourceTree = "<group>";
		};
		EDA3135E2523429C00B5B6EF /* Service */ = {
			isa = PBXGroup;
			children = (
				EDA3135F252342B000B5B6EF /* Service.swift */,
			);
			path = Service;
			sourceTree = "<group>";
		};
		EDE624972521FFE200D43772 /* Model */ = {
			isa = PBXGroup;
			children = (
				EDE624982521FFFE00D43772 /* SearchResult.swift */,
				ED3E9A6D252B0BC000DA051E /* AppGroup.swift */,
				ED9102BF252F551800D23B92 /* SocialApp.swift */,
			);
			path = Model;
			sourceTree = "<group>";
		};
/* End PBXGroup section */

/* Begin PBXNativeTarget section */
		ED7D070D251C83EF000F72C1 /* AppStore */ = {
			isa = PBXNativeTarget;
			buildConfigurationList = ED7D0722251C83F3000F72C1 /* Build configuration list for PBXNativeTarget "AppStore" */;
			buildPhases = (
				C7DF9774127B7033C7DC84AD /* [CP] Check Pods Manifest.lock */,
				ED7D070A251C83EF000F72C1 /* Sources */,
				ED7D070B251C83EF000F72C1 /* Frameworks */,
				ED7D070C251C83EF000F72C1 /* Resources */,
				EE7A3037FCF6C00982F430F7 /* [CP] Embed Pods Frameworks */,
			);
			buildRules = (
			);
			dependencies = (
			);
			name = AppStore;
			productName = AppStore;
			productReference = ED7D070E251C83EF000F72C1 /* AppStore.app */;
			productType = "com.apple.product-type.application";
		};
/* End PBXNativeTarget section */

/* Begin PBXProject section */
		ED7D0706251C83EF000F72C1 /* Project object */ = {
			isa = PBXProject;
			attributes = {
				LastSwiftUpdateCheck = 1200;
				LastUpgradeCheck = 1200;
				TargetAttributes = {
					ED7D070D251C83EF000F72C1 = {
						CreatedOnToolsVersion = 12.0;
					};
				};
			};
			buildConfigurationList = ED7D0709251C83EF000F72C1 /* Build configuration list for PBXProject "AppStore" */;
			compatibilityVersion = "Xcode 9.3";
			developmentRegion = en;
			hasScannedForEncodings = 0;
			knownRegions = (
				en,
				Base,
			);
			mainGroup = ED7D0705251C83EF000F72C1;
			productRefGroup = ED7D070F251C83EF000F72C1 /* Products */;
			projectDirPath = "";
			projectRoot = "";
			targets = (
				ED7D070D251C83EF000F72C1 /* AppStore */,
			);
		};
/* End PBXProject section */

/* Begin PBXResourcesBuildPhase section */
		ED7D070C251C83EF000F72C1 /* Resources */ = {
			isa = PBXResourcesBuildPhase;
			buildActionMask = 2147483647;
			files = (
				ED7D071E251C83F3000F72C1 /* LaunchScreen.storyboard in Resources */,
				ED7D071B251C83F3000F72C1 /* Assets.xcassets in Resources */,
				ED7D0719251C83EF000F72C1 /* Main.storyboard in Resources */,
			);
			runOnlyForDeploymentPostprocessing = 0;
		};
/* End PBXResourcesBuildPhase section */

/* Begin PBXShellScriptBuildPhase section */
		C7DF9774127B7033C7DC84AD /* [CP] Check Pods Manifest.lock */ = {
			isa = PBXShellScriptBuildPhase;
			buildActionMask = 2147483647;
			files = (
			);
			inputFileListPaths = (
			);
			inputPaths = (
				"${PODS_PODFILE_DIR_PATH}/Podfile.lock",
				"${PODS_ROOT}/Manifest.lock",
			);
			name = "[CP] Check Pods Manifest.lock";
			outputFileListPaths = (
			);
			outputPaths = (
				"$(DERIVED_FILE_DIR)/Pods-AppStore-checkManifestLockResult.txt",
			);
			runOnlyForDeploymentPostprocessing = 0;
			shellPath = /bin/sh;
			shellScript = "diff \"${PODS_PODFILE_DIR_PATH}/Podfile.lock\" \"${PODS_ROOT}/Manifest.lock\" > /dev/null\nif [ $? != 0 ] ; then\n    # print error to STDERR\n    echo \"error: The sandbox is not in sync with the Podfile.lock. Run 'pod install' or update your CocoaPods installation.\" >&2\n    exit 1\nfi\n# This output is used by Xcode 'outputs' to avoid re-running this script phase.\necho \"SUCCESS\" > \"${SCRIPT_OUTPUT_FILE_0}\"\n";
			showEnvVarsInLog = 0;
		};
		EE7A3037FCF6C00982F430F7 /* [CP] Embed Pods Frameworks */ = {
			isa = PBXShellScriptBuildPhase;
			buildActionMask = 2147483647;
			files = (
			);
			inputFileListPaths = (
				"${PODS_ROOT}/Target Support Files/Pods-AppStore/Pods-AppStore-frameworks-${CONFIGURATION}-input-files.xcfilelist",
			);
			name = "[CP] Embed Pods Frameworks";
			outputFileListPaths = (
				"${PODS_ROOT}/Target Support Files/Pods-AppStore/Pods-AppStore-frameworks-${CONFIGURATION}-output-files.xcfilelist",
			);
			runOnlyForDeploymentPostprocessing = 0;
			shellPath = /bin/sh;
			shellScript = "\"${PODS_ROOT}/Target Support Files/Pods-AppStore/Pods-AppStore-frameworks.sh\"\n";
			showEnvVarsInLog = 0;
		};
/* End PBXShellScriptBuildPhase section */

/* Begin PBXSourcesBuildPhase section */
		ED7D070A251C83EF000F72C1 /* Sources */ = {
			isa = PBXSourcesBuildPhase;
			buildActionMask = 2147483647;
			files = (
				ED7D072C251C84A7000F72C1 /* BaseTabBarController.swift in Sources */,
				ED9102C0252F551800D23B92 /* SocialApp.swift in Sources */,
				ED412F3C2527666000D26449 /* AppsPageController.swift in Sources */,
				ED412F4C25299A9800D26449 /* AppsRowCell.swift in Sources */,
				EDE624992521FFFE00D43772 /* SearchResult.swift in Sources */,
				ED7D0716251C83EF000F72C1 /* ViewController.swift in Sources */,
				ED7D0712251C83EF000F72C1 /* AppDelegate.swift in Sources */,
				ED412F3F2527A85C00D26449 /* BaseListController.swift in Sources */,
				ED412F452527B2BC00D26449 /* AppsGroupCell.swift in Sources */,
				ED9102C32536DBB200D23B92 /* HorizontalSnappingController.swift in Sources */,
				ED9102CF25379B2400D23B92 /* BetterSnappingLayout.swift in Sources */,
				ED7D0735251D2393000F72C1 /* AppsSearchController.swift in Sources */,
				ED9102D32538289500D23B92 /* AppDetailController.swift in Sources */,
				ED8BD258251E0149003AB0BA /* SearchResultCell.swift in Sources */,
				ED3E9A672529D9A300DA051E /* AppsHeaderHorizontalController.swift in Sources */,
				ED3E9A642529D6F600DA051E /* AppsPageHeader.swift in Sources */,
				EDE62495251FBB0200D43772 /* VerticalStackView.swift in Sources */,
				ED412F4F25299C8C00D26449 /* Extensions.swift in Sources */,
				EDA31360252342B000B5B6EF /* Service.swift in Sources */,
				ED3E9A6E252B0BC000DA051E /* AppGroup.swift in Sources */,
				ED3E9A6B252ADBA700DA051E /* AppsHeaderCell.swift in Sources */,
				ED8BD25C251F711E003AB0BA /* UIView+Layout.swift in Sources */,
				ED7D0714251C83EF000F72C1 /* SceneDelegate.swift in Sources */,
				ED412F492528F0D700D26449 /* AppsHorizontalController.swift in Sources */,
			);
			runOnlyForDeploymentPostprocessing = 0;
		};
/* End PBXSourcesBuildPhase section */

/* Begin PBXVariantGroup section */
		ED7D0717251C83EF000F72C1 /* Main.storyboard */ = {
			isa = PBXVariantGroup;
			children = (
				ED7D0718251C83EF000F72C1 /* Base */,
			);
			name = Main.storyboard;
			sourceTree = "<group>";
		};
		ED7D071C251C83F3000F72C1 /* LaunchScreen.storyboard */ = {
			isa = PBXVariantGroup;
			children = (
				ED7D071D251C83F3000F72C1 /* Base */,
			);
			name = LaunchScreen.storyboard;
			sourceTree = "<group>";
		};
/* End PBXVariantGroup section */

/* Begin XCBuildConfiguration section */
		ED7D0720251C83F3000F72C1 /* Debug */ = {
			isa = XCBuildConfiguration;
			buildSettings = {
				ALWAYS_SEARCH_USER_PATHS = NO;
				CLANG_ANALYZER_NONNULL = YES;
				CLANG_ANALYZER_NUMBER_OBJECT_CONVERSION = YES_AGGRESSIVE;
				CLANG_CXX_LANGUAGE_STANDARD = "gnu++14";
				CLANG_CXX_LIBRARY = "libc++";
				CLANG_ENABLE_MODULES = YES;
				CLANG_ENABLE_OBJC_ARC = YES;
				CLANG_ENABLE_OBJC_WEAK = YES;
				CLANG_WARN_BLOCK_CAPTURE_AUTORELEASING = YES;
				CLANG_WARN_BOOL_CONVERSION = YES;
				CLANG_WARN_COMMA = YES;
				CLANG_WARN_CONSTANT_CONVERSION = YES;
				CLANG_WARN_DEPRECATED_OBJC_IMPLEMENTATIONS = YES;
				CLANG_WARN_DIRECT_OBJC_ISA_USAGE = YES_ERROR;
				CLANG_WARN_DOCUMENTATION_COMMENTS = YES;
				CLANG_WARN_EMPTY_BODY = YES;
				CLANG_WARN_ENUM_CONVERSION = YES;
				CLANG_WARN_INFINITE_RECURSION = YES;
				CLANG_WARN_INT_CONVERSION = YES;
				CLANG_WARN_NON_LITERAL_NULL_CONVERSION = YES;
				CLANG_WARN_OBJC_IMPLICIT_RETAIN_SELF = YES;
				CLANG_WARN_OBJC_LITERAL_CONVERSION = YES;
				CLANG_WARN_OBJC_ROOT_CLASS = YES_ERROR;
				CLANG_WARN_QUOTED_INCLUDE_IN_FRAMEWORK_HEADER = YES;
				CLANG_WARN_RANGE_LOOP_ANALYSIS = YES;
				CLANG_WARN_STRICT_PROTOTYPES = YES;
				CLANG_WARN_SUSPICIOUS_MOVE = YES;
				CLANG_WARN_UNGUARDED_AVAILABILITY = YES_AGGRESSIVE;
				CLANG_WARN_UNREACHABLE_CODE = YES;
				CLANG_WARN__DUPLICATE_METHOD_MATCH = YES;
				COPY_PHASE_STRIP = NO;
				DEBUG_INFORMATION_FORMAT = dwarf;
				ENABLE_STRICT_OBJC_MSGSEND = YES;
				ENABLE_TESTABILITY = YES;
				GCC_C_LANGUAGE_STANDARD = gnu11;
				GCC_DYNAMIC_NO_PIC = NO;
				GCC_NO_COMMON_BLOCKS = YES;
				GCC_OPTIMIZATION_LEVEL = 0;
				GCC_PREPROCESSOR_DEFINITIONS = (
					"DEBUG=1",
					"$(inherited)",
				);
				GCC_WARN_64_TO_32_BIT_CONVERSION = YES;
				GCC_WARN_ABOUT_RETURN_TYPE = YES_ERROR;
				GCC_WARN_UNDECLARED_SELECTOR = YES;
				GCC_WARN_UNINITIALIZED_AUTOS = YES_AGGRESSIVE;
				GCC_WARN_UNUSED_FUNCTION = YES;
				GCC_WARN_UNUSED_VARIABLE = YES;
				IPHONEOS_DEPLOYMENT_TARGET = 14.0;
				MTL_ENABLE_DEBUG_INFO = INCLUDE_SOURCE;
				MTL_FAST_MATH = YES;
				ONLY_ACTIVE_ARCH = YES;
				SDKROOT = iphoneos;
				SWIFT_ACTIVE_COMPILATION_CONDITIONS = DEBUG;
				SWIFT_OPTIMIZATION_LEVEL = "-Onone";
			};
			name = Debug;
		};
		ED7D0721251C83F3000F72C1 /* Release */ = {
			isa = XCBuildConfiguration;
			buildSettings = {
				ALWAYS_SEARCH_USER_PATHS = NO;
				CLANG_ANALYZER_NONNULL = YES;
				CLANG_ANALYZER_NUMBER_OBJECT_CONVERSION = YES_AGGRESSIVE;
				CLANG_CXX_LANGUAGE_STANDARD = "gnu++14";
				CLANG_CXX_LIBRARY = "libc++";
				CLANG_ENABLE_MODULES = YES;
				CLANG_ENABLE_OBJC_ARC = YES;
				CLANG_ENABLE_OBJC_WEAK = YES;
				CLANG_WARN_BLOCK_CAPTURE_AUTORELEASING = YES;
				CLANG_WARN_BOOL_CONVERSION = YES;
				CLANG_WARN_COMMA = YES;
				CLANG_WARN_CONSTANT_CONVERSION = YES;
				CLANG_WARN_DEPRECATED_OBJC_IMPLEMENTATIONS = YES;
				CLANG_WARN_DIRECT_OBJC_ISA_USAGE = YES_ERROR;
				CLANG_WARN_DOCUMENTATION_COMMENTS = YES;
				CLANG_WARN_EMPTY_BODY = YES;
				CLANG_WARN_ENUM_CONVERSION = YES;
				CLANG_WARN_INFINITE_RECURSION = YES;
				CLANG_WARN_INT_CONVERSION = YES;
				CLANG_WARN_NON_LITERAL_NULL_CONVERSION = YES;
				CLANG_WARN_OBJC_IMPLICIT_RETAIN_SELF = YES;
				CLANG_WARN_OBJC_LITERAL_CONVERSION = YES;
				CLANG_WARN_OBJC_ROOT_CLASS = YES_ERROR;
				CLANG_WARN_QUOTED_INCLUDE_IN_FRAMEWORK_HEADER = YES;
				CLANG_WARN_RANGE_LOOP_ANALYSIS = YES;
				CLANG_WARN_STRICT_PROTOTYPES = YES;
				CLANG_WARN_SUSPICIOUS_MOVE = YES;
				CLANG_WARN_UNGUARDED_AVAILABILITY = YES_AGGRESSIVE;
				CLANG_WARN_UNREACHABLE_CODE = YES;
				CLANG_WARN__DUPLICATE_METHOD_MATCH = YES;
				COPY_PHASE_STRIP = NO;
				DEBUG_INFORMATION_FORMAT = "dwarf-with-dsym";
				ENABLE_NS_ASSERTIONS = NO;
				ENABLE_STRICT_OBJC_MSGSEND = YES;
				GCC_C_LANGUAGE_STANDARD = gnu11;
				GCC_NO_COMMON_BLOCKS = YES;
				GCC_WARN_64_TO_32_BIT_CONVERSION = YES;
				GCC_WARN_ABOUT_RETURN_TYPE = YES_ERROR;
				GCC_WARN_UNDECLARED_SELECTOR = YES;
				GCC_WARN_UNINITIALIZED_AUTOS = YES_AGGRESSIVE;
				GCC_WARN_UNUSED_FUNCTION = YES;
				GCC_WARN_UNUSED_VARIABLE = YES;
				IPHONEOS_DEPLOYMENT_TARGET = 14.0;
				MTL_ENABLE_DEBUG_INFO = NO;
				MTL_FAST_MATH = YES;
				SDKROOT = iphoneos;
				SWIFT_COMPILATION_MODE = wholemodule;
				SWIFT_OPTIMIZATION_LEVEL = "-O";
				VALIDATE_PRODUCT = YES;
			};
			name = Release;
		};
		ED7D0723251C83F3000F72C1 /* Debug */ = {
			isa = XCBuildConfiguration;
			baseConfigurationReference = 36986F9550CD15874FEF16F5 /* Pods-AppStore.debug.xcconfig */;
			buildSettings = {
				ASSETCATALOG_COMPILER_APPICON_NAME = AppIcon;
				ASSETCATALOG_COMPILER_GLOBAL_ACCENT_COLOR_NAME = AccentColor;
				CODE_SIGN_STYLE = Automatic;
				DEVELOPMENT_TEAM = CYNZRZ47N3;
				INFOPLIST_FILE = AppStore/Info.plist;
				LD_RUNPATH_SEARCH_PATHS = (
					"$(inherited)",
					"@executable_path/Frameworks",
				);
				PRODUCT_BUNDLE_IDENTIFIER = sasgasg.AppStore;
				PRODUCT_NAME = "$(TARGET_NAME)";
				SWIFT_VERSION = 5.0;
				TARGETED_DEVICE_FAMILY = 1;
			};
			name = Debug;
		};
		ED7D0724251C83F3000F72C1 /* Release */ = {
			isa = XCBuildConfiguration;
			baseConfigurationReference = 933CF31D3EA7AAAFB2B4418D /* Pods-AppStore.release.xcconfig */;
			buildSettings = {
				ASSETCATALOG_COMPILER_APPICON_NAME = AppIcon;
				ASSETCATALOG_COMPILER_GLOBAL_ACCENT_COLOR_NAME = AccentColor;
				CODE_SIGN_STYLE = Automatic;
				DEVELOPMENT_TEAM = CYNZRZ47N3;
				INFOPLIST_FILE = AppStore/Info.plist;
				LD_RUNPATH_SEARCH_PATHS = (
					"$(inherited)",
					"@executable_path/Frameworks",
				);
				PRODUCT_BUNDLE_IDENTIFIER = sasgasg.AppStore;
				PRODUCT_NAME = "$(TARGET_NAME)";
				SWIFT_VERSION = 5.0;
				TARGETED_DEVICE_FAMILY = 1;
			};
			name = Release;
		};
/* End XCBuildConfiguration section */

/* Begin XCConfigurationList section */
		ED7D0709251C83EF000F72C1 /* Build configuration list for PBXProject "AppStore" */ = {
			isa = XCConfigurationList;
			buildConfigurations = (
				ED7D0720251C83F3000F72C1 /* Debug */,
				ED7D0721251C83F3000F72C1 /* Release */,
			);
			defaultConfigurationIsVisible = 0;
			defaultConfigurationName = Release;
		};
		ED7D0722251C83F3000F72C1 /* Build configuration list for PBXNativeTarget "AppStore" */ = {
			isa = XCConfigurationList;
			buildConfigurations = (
				ED7D0723251C83F3000F72C1 /* Debug */,
				ED7D0724251C83F3000F72C1 /* Release */,
			);
			defaultConfigurationIsVisible = 0;
			defaultConfigurationName = Release;
		};
/* End XCConfigurationList section */
	};
	rootObject = ED7D0706251C83EF000F72C1 /* Project object */;
}
